
Microsoft Visual Studio Solution File, Format Version 12.00
# Visual Studio 15
VisualStudioVersion = 15.0.27004.2005
MinimumVisualStudioVersion = 10.0.40219.1
Project("{FAE04EC0-301F-11D3-BF4B-00C04F79EFBC}") = "SmartFlow.Android", "SmartFlow\SmartFlow.Android\SmartFlow.Android.csproj", "{DA566CBC-40F6-4CED-9B05-33FA9A9EE9EE}"
EndProject
Project("{FAE04EC0-301F-11D3-BF4B-00C04F79EFBC}") = "SmartFlow.UWP", "SmartFlow\SmartFlow.UWP\SmartFlow.UWP.csproj", "{70D73A7C-F212-4AEC-9E67-0ABBCFFD948C}"
EndProject
Project("{FAE04EC0-301F-11D3-BF4B-00C04F79EFBC}") = "SmartFlow.iOS", "SmartFlow\SmartFlow.iOS\SmartFlow.iOS.csproj", "{24B4F602-8346-4EE0-8251-45F607E25F63}"
EndProject
Project("{9A19103F-16F7-4668-BE54-9A1E7A4F7556}") = "SmartFlow.Shared", "SmartFlow.Shared\SmartFlow.Shared.csproj", "{B7746BB8-56A1-48E6-8247-6BC85B97666D}"
EndProject
Project("{FAE04EC0-301F-11D3-BF4B-00C04F79EFBC}") = "SmartFlow.UnitTest", "SmartFlow.UnitTest\SmartFlow.UnitTest.csproj", "{58395B09-AA47-493A-80A4-E03C62C399EC}"
EndProject
Project("{7CF6DF6D-3B04-46F8-A40B-537D21BCA0B4}") = "SmartFlow.Documentation", "SmartFlow.Documentation\SmartFlow.Documentation.shfbproj", "{20D9BEE4-B6ED-401A-B099-929295D1A5D5}"
EndProject
Project("{FAE04EC0-301F-11D3-BF4B-00C04F79EFBC}") = "SmartFlow.Migrations", "SmartFlow.Migrations\SmartFlow.Migrations.csproj", "{17BB5139-724A-4654-9D92-C5B784782CF6}"
EndProject
Global
	GlobalSection(SolutionConfigurationPlatforms) = preSolution
		Ad-Hoc|Any CPU = Ad-Hoc|Any CPU
		Ad-Hoc|ARM = Ad-Hoc|ARM
		Ad-Hoc|iPhone = Ad-Hoc|iPhone
		Ad-Hoc|iPhoneSimulator = Ad-Hoc|iPhoneSimulator
		Ad-Hoc|x64 = Ad-Hoc|x64
		Ad-Hoc|x86 = Ad-Hoc|x86
		AppStore|Any CPU = AppStore|Any CPU
		AppStore|ARM = AppStore|ARM
		AppStore|iPhone = AppStore|iPhone
		AppStore|iPhoneSimulator = AppStore|iPhoneSimulator
		AppStore|x64 = AppStore|x64
		AppStore|x86 = AppStore|x86
		Debug|Any CPU = Debug|Any CPU
		Debug|ARM = Debug|ARM
		Debug|iPhone = Debug|iPhone
		Debug|iPhoneSimulator = Debug|iPhoneSimulator
		Debug|x64 = Debug|x64
		Debug|x86 = Debug|x86
		Release|Any CPU = Release|Any CPU
		Release|ARM = Release|ARM
		Release|iPhone = Release|iPhone
		Release|iPhoneSimulator = Release|iPhoneSimulator
		Release|x64 = Release|x64
		Release|x86 = Release|x86
	EndGlobalSection
	GlobalSection(ProjectConfigurationPlatforms) = postSolution
		{DA566CBC-40F6-4CED-9B05-33FA9A9EE9EE}.Ad-Hoc|Any CPU.ActiveCfg = Release|Any CPU
		{DA566CBC-40F6-4CED-9B05-33FA9A9EE9EE}.Ad-Hoc|Any CPU.Build.0 = Release|Any CPU
		{DA566CBC-40F6-4CED-9B05-33FA9A9EE9EE}.Ad-Hoc|Any CPU.Deploy.0 = Release|Any CPU
		{DA566CBC-40F6-4CED-9B05-33FA9A9EE9EE}.Ad-Hoc|ARM.ActiveCfg = Release|Any CPU
		{DA566CBC-40F6-4CED-9B05-33FA9A9EE9EE}.Ad-Hoc|ARM.Build.0 = Release|Any CPU
		{DA566CBC-40F6-4CED-9B05-33FA9A9EE9EE}.Ad-Hoc|ARM.Deploy.0 = Release|Any CPU
		{DA566CBC-40F6-4CED-9B05-33FA9A9EE9EE}.Ad-Hoc|iPhone.ActiveCfg = Release|Any CPU
		{DA566CBC-40F6-4CED-9B05-33FA9A9EE9EE}.Ad-Hoc|iPhone.Build.0 = Release|Any CPU
		{DA566CBC-40F6-4CED-9B05-33FA9A9EE9EE}.Ad-Hoc|iPhone.Deploy.0 = Release|Any CPU
		{DA566CBC-40F6-4CED-9B05-33FA9A9EE9EE}.Ad-Hoc|iPhoneSimulator.ActiveCfg = Release|Any CPU
		{DA566CBC-40F6-4CED-9B05-33FA9A9EE9EE}.Ad-Hoc|iPhoneSimulator.Build.0 = Release|Any CPU
		{DA566CBC-40F6-4CED-9B05-33FA9A9EE9EE}.Ad-Hoc|iPhoneSimulator.Deploy.0 = Release|Any CPU
		{DA566CBC-40F6-4CED-9B05-33FA9A9EE9EE}.Ad-Hoc|x64.ActiveCfg = Release|Any CPU
		{DA566CBC-40F6-4CED-9B05-33FA9A9EE9EE}.Ad-Hoc|x64.Build.0 = Release|Any CPU
		{DA566CBC-40F6-4CED-9B05-33FA9A9EE9EE}.Ad-Hoc|x64.Deploy.0 = Release|Any CPU
		{DA566CBC-40F6-4CED-9B05-33FA9A9EE9EE}.Ad-Hoc|x86.ActiveCfg = Release|Any CPU
		{DA566CBC-40F6-4CED-9B05-33FA9A9EE9EE}.Ad-Hoc|x86.Build.0 = Release|Any CPU
		{DA566CBC-40F6-4CED-9B05-33FA9A9EE9EE}.Ad-Hoc|x86.Deploy.0 = Release|Any CPU
		{DA566CBC-40F6-4CED-9B05-33FA9A9EE9EE}.AppStore|Any CPU.ActiveCfg = Release|Any CPU
		{DA566CBC-40F6-4CED-9B05-33FA9A9EE9EE}.AppStore|Any CPU.Build.0 = Release|Any CPU
		{DA566CBC-40F6-4CED-9B05-33FA9A9EE9EE}.AppStore|Any CPU.Deploy.0 = Release|Any CPU
		{DA566CBC-40F6-4CED-9B05-33FA9A9EE9EE}.AppStore|ARM.ActiveCfg = Release|Any CPU
		{DA566CBC-40F6-4CED-9B05-33FA9A9EE9EE}.AppStore|ARM.Build.0 = Release|Any CPU
		{DA566CBC-40F6-4CED-9B05-33FA9A9EE9EE}.AppStore|ARM.Deploy.0 = Release|Any CPU
		{DA566CBC-40F6-4CED-9B05-33FA9A9EE9EE}.AppStore|iPhone.ActiveCfg = Release|Any CPU
		{DA566CBC-40F6-4CED-9B05-33FA9A9EE9EE}.AppStore|iPhone.Build.0 = Release|Any CPU
		{DA566CBC-40F6-4CED-9B05-33FA9A9EE9EE}.AppStore|iPhone.Deploy.0 = Release|Any CPU
		{DA566CBC-40F6-4CED-9B05-33FA9A9EE9EE}.AppStore|iPhoneSimulator.ActiveCfg = Release|Any CPU
		{DA566CBC-40F6-4CED-9B05-33FA9A9EE9EE}.AppStore|iPhoneSimulator.Build.0 = Release|Any CPU
		{DA566CBC-40F6-4CED-9B05-33FA9A9EE9EE}.AppStore|iPhoneSimulator.Deploy.0 = Release|Any CPU
		{DA566CBC-40F6-4CED-9B05-33FA9A9EE9EE}.AppStore|x64.ActiveCfg = Release|Any CPU
		{DA566CBC-40F6-4CED-9B05-33FA9A9EE9EE}.AppStore|x64.Build.0 = Release|Any CPU
		{DA566CBC-40F6-4CED-9B05-33FA9A9EE9EE}.AppStore|x64.Deploy.0 = Release|Any CPU
		{DA566CBC-40F6-4CED-9B05-33FA9A9EE9EE}.AppStore|x86.ActiveCfg = Release|Any CPU
		{DA566CBC-40F6-4CED-9B05-33FA9A9EE9EE}.AppStore|x86.Build.0 = Release|Any CPU
		{DA566CBC-40F6-4CED-9B05-33FA9A9EE9EE}.AppStore|x86.Deploy.0 = Release|Any CPU
		{DA566CBC-40F6-4CED-9B05-33FA9A9EE9EE}.Debug|Any CPU.ActiveCfg = Debug|Any CPU
		{DA566CBC-40F6-4CED-9B05-33FA9A9EE9EE}.Debug|Any CPU.Build.0 = Debug|Any CPU
		{DA566CBC-40F6-4CED-9B05-33FA9A9EE9EE}.Debug|Any CPU.Deploy.0 = Debug|Any CPU
		{DA566CBC-40F6-4CED-9B05-33FA9A9EE9EE}.Debug|ARM.ActiveCfg = Debug|Any CPU
		{DA566CBC-40F6-4CED-9B05-33FA9A9EE9EE}.Debug|ARM.Build.0 = Debug|Any CPU
		{DA566CBC-40F6-4CED-9B05-33FA9A9EE9EE}.Debug|ARM.Deploy.0 = Debug|Any CPU
		{DA566CBC-40F6-4CED-9B05-33FA9A9EE9EE}.Debug|iPhone.ActiveCfg = Debug|Any CPU
		{DA566CBC-40F6-4CED-9B05-33FA9A9EE9EE}.Debug|iPhone.Build.0 = Debug|Any CPU
		{DA566CBC-40F6-4CED-9B05-33FA9A9EE9EE}.Debug|iPhone.Deploy.0 = Debug|Any CPU
		{DA566CBC-40F6-4CED-9B05-33FA9A9EE9EE}.Debug|iPhoneSimulator.ActiveCfg = Debug|Any CPU
		{DA566CBC-40F6-4CED-9B05-33FA9A9EE9EE}.Debug|iPhoneSimulator.Build.0 = Debug|Any CPU
		{DA566CBC-40F6-4CED-9B05-33FA9A9EE9EE}.Debug|iPhoneSimulator.Deploy.0 = Debug|Any CPU
		{DA566CBC-40F6-4CED-9B05-33FA9A9EE9EE}.Debug|x64.ActiveCfg = Debug|Any CPU
		{DA566CBC-40F6-4CED-9B05-33FA9A9EE9EE}.Debug|x64.Build.0 = Debug|Any CPU
		{DA566CBC-40F6-4CED-9B05-33FA9A9EE9EE}.Debug|x64.Deploy.0 = Debug|Any CPU
		{DA566CBC-40F6-4CED-9B05-33FA9A9EE9EE}.Debug|x86.ActiveCfg = Debug|Any CPU
		{DA566CBC-40F6-4CED-9B05-33FA9A9EE9EE}.Debug|x86.Build.0 = Debug|Any CPU
		{DA566CBC-40F6-4CED-9B05-33FA9A9EE9EE}.Debug|x86.Deploy.0 = Debug|Any CPU
		{DA566CBC-40F6-4CED-9B05-33FA9A9EE9EE}.Release|Any CPU.ActiveCfg = Release|Any CPU
		{DA566CBC-40F6-4CED-9B05-33FA9A9EE9EE}.Release|Any CPU.Build.0 = Release|Any CPU
		{DA566CBC-40F6-4CED-9B05-33FA9A9EE9EE}.Release|Any CPU.Deploy.0 = Release|Any CPU
		{DA566CBC-40F6-4CED-9B05-33FA9A9EE9EE}.Release|ARM.ActiveCfg = Release|Any CPU
		{DA566CBC-40F6-4CED-9B05-33FA9A9EE9EE}.Release|ARM.Build.0 = Release|Any CPU
		{DA566CBC-40F6-4CED-9B05-33FA9A9EE9EE}.Release|ARM.Deploy.0 = Release|Any CPU
		{DA566CBC-40F6-4CED-9B05-33FA9A9EE9EE}.Release|iPhone.ActiveCfg = Release|Any CPU
		{DA566CBC-40F6-4CED-9B05-33FA9A9EE9EE}.Release|iPhone.Build.0 = Release|Any CPU
		{DA566CBC-40F6-4CED-9B05-33FA9A9EE9EE}.Release|iPhone.Deploy.0 = Release|Any CPU
		{DA566CBC-40F6-4CED-9B05-33FA9A9EE9EE}.Release|iPhoneSimulator.ActiveCfg = Release|Any CPU
		{DA566CBC-40F6-4CED-9B05-33FA9A9EE9EE}.Release|iPhoneSimulator.Build.0 = Release|Any CPU
		{DA566CBC-40F6-4CED-9B05-33FA9A9EE9EE}.Release|iPhoneSimulator.Deploy.0 = Release|Any CPU
		{DA566CBC-40F6-4CED-9B05-33FA9A9EE9EE}.Release|x64.ActiveCfg = Release|Any CPU
		{DA566CBC-40F6-4CED-9B05-33FA9A9EE9EE}.Release|x64.Build.0 = Release|Any CPU
		{DA566CBC-40F6-4CED-9B05-33FA9A9EE9EE}.Release|x64.Deploy.0 = Release|Any CPU
		{DA566CBC-40F6-4CED-9B05-33FA9A9EE9EE}.Release|x86.ActiveCfg = Release|Any CPU
		{DA566CBC-40F6-4CED-9B05-33FA9A9EE9EE}.Release|x86.Build.0 = Release|Any CPU
		{DA566CBC-40F6-4CED-9B05-33FA9A9EE9EE}.Release|x86.Deploy.0 = Release|Any CPU
		{70D73A7C-F212-4AEC-9E67-0ABBCFFD948C}.Ad-Hoc|Any CPU.ActiveCfg = Release|x86
		{70D73A7C-F212-4AEC-9E67-0ABBCFFD948C}.Ad-Hoc|Any CPU.Build.0 = Release|x86
		{70D73A7C-F212-4AEC-9E67-0ABBCFFD948C}.Ad-Hoc|Any CPU.Deploy.0 = Release|x86
		{70D73A7C-F212-4AEC-9E67-0ABBCFFD948C}.Ad-Hoc|ARM.ActiveCfg = Release|ARM
		{70D73A7C-F212-4AEC-9E67-0ABBCFFD948C}.Ad-Hoc|ARM.Build.0 = Release|ARM
		{70D73A7C-F212-4AEC-9E67-0ABBCFFD948C}.Ad-Hoc|ARM.Deploy.0 = Release|ARM
		{70D73A7C-F212-4AEC-9E67-0ABBCFFD948C}.Ad-Hoc|iPhone.ActiveCfg = Release|x86
		{70D73A7C-F212-4AEC-9E67-0ABBCFFD948C}.Ad-Hoc|iPhone.Build.0 = Release|x86
		{70D73A7C-F212-4AEC-9E67-0ABBCFFD948C}.Ad-Hoc|iPhone.Deploy.0 = Release|x86
		{70D73A7C-F212-4AEC-9E67-0ABBCFFD948C}.Ad-Hoc|iPhoneSimulator.ActiveCfg = Release|x86
		{70D73A7C-F212-4AEC-9E67-0ABBCFFD948C}.Ad-Hoc|iPhoneSimulator.Build.0 = Release|x86
		{70D73A7C-F212-4AEC-9E67-0ABBCFFD948C}.Ad-Hoc|iPhoneSimulator.Deploy.0 = Release|x86
		{70D73A7C-F212-4AEC-9E67-0ABBCFFD948C}.Ad-Hoc|x64.ActiveCfg = Release|x64
		{70D73A7C-F212-4AEC-9E67-0ABBCFFD948C}.Ad-Hoc|x64.Build.0 = Release|x64
		{70D73A7C-F212-4AEC-9E67-0ABBCFFD948C}.Ad-Hoc|x64.Deploy.0 = Release|x64
		{70D73A7C-F212-4AEC-9E67-0ABBCFFD948C}.Ad-Hoc|x86.ActiveCfg = Release|x86
		{70D73A7C-F212-4AEC-9E67-0ABBCFFD948C}.Ad-Hoc|x86.Build.0 = Release|x86
		{70D73A7C-F212-4AEC-9E67-0ABBCFFD948C}.Ad-Hoc|x86.Deploy.0 = Release|x86
		{70D73A7C-F212-4AEC-9E67-0ABBCFFD948C}.AppStore|Any CPU.ActiveCfg = Release|x86
		{70D73A7C-F212-4AEC-9E67-0ABBCFFD948C}.AppStore|Any CPU.Build.0 = Release|x86
		{70D73A7C-F212-4AEC-9E67-0ABBCFFD948C}.AppStore|Any CPU.Deploy.0 = Release|x86
		{70D73A7C-F212-4AEC-9E67-0ABBCFFD948C}.AppStore|ARM.ActiveCfg = Release|ARM
		{70D73A7C-F212-4AEC-9E67-0ABBCFFD948C}.AppStore|ARM.Build.0 = Release|ARM
		{70D73A7C-F212-4AEC-9E67-0ABBCFFD948C}.AppStore|ARM.Deploy.0 = Release|ARM
		{70D73A7C-F212-4AEC-9E67-0ABBCFFD948C}.AppStore|iPhone.ActiveCfg = Release|x86
		{70D73A7C-F212-4AEC-9E67-0ABBCFFD948C}.AppStore|iPhone.Build.0 = Release|x86
		{70D73A7C-F212-4AEC-9E67-0ABBCFFD948C}.AppStore|iPhone.Deploy.0 = Release|x86
		{70D73A7C-F212-4AEC-9E67-0ABBCFFD948C}.AppStore|iPhoneSimulator.ActiveCfg = Release|x86
		{70D73A7C-F212-4AEC-9E67-0ABBCFFD948C}.AppStore|iPhoneSimulator.Build.0 = Release|x86
		{70D73A7C-F212-4AEC-9E67-0ABBCFFD948C}.AppStore|iPhoneSimulator.Deploy.0 = Release|x86
		{70D73A7C-F212-4AEC-9E67-0ABBCFFD948C}.AppStore|x64.ActiveCfg = Release|x64
		{70D73A7C-F212-4AEC-9E67-0ABBCFFD948C}.AppStore|x64.Build.0 = Release|x64
		{70D73A7C-F212-4AEC-9E67-0ABBCFFD948C}.AppStore|x64.Deploy.0 = Release|x64
		{70D73A7C-F212-4AEC-9E67-0ABBCFFD948C}.AppStore|x86.ActiveCfg = Release|x86
		{70D73A7C-F212-4AEC-9E67-0ABBCFFD948C}.AppStore|x86.Build.0 = Release|x86
		{70D73A7C-F212-4AEC-9E67-0ABBCFFD948C}.AppStore|x86.Deploy.0 = Release|x86
		{70D73A7C-F212-4AEC-9E67-0ABBCFFD948C}.Debug|Any CPU.ActiveCfg = Debug|x86
		{70D73A7C-F212-4AEC-9E67-0ABBCFFD948C}.Debug|ARM.ActiveCfg = Debug|ARM
		{70D73A7C-F212-4AEC-9E67-0ABBCFFD948C}.Debug|ARM.Build.0 = Debug|ARM
		{70D73A7C-F212-4AEC-9E67-0ABBCFFD948C}.Debug|ARM.Deploy.0 = Debug|ARM
		{70D73A7C-F212-4AEC-9E67-0ABBCFFD948C}.Debug|iPhone.ActiveCfg = Debug|x86
		{70D73A7C-F212-4AEC-9E67-0ABBCFFD948C}.Debug|iPhoneSimulator.ActiveCfg = Debug|x86
		{70D73A7C-F212-4AEC-9E67-0ABBCFFD948C}.Debug|x64.ActiveCfg = Debug|x64
		{70D73A7C-F212-4AEC-9E67-0ABBCFFD948C}.Debug|x64.Build.0 = Debug|x64
		{70D73A7C-F212-4AEC-9E67-0ABBCFFD948C}.Debug|x64.Deploy.0 = Debug|x64
		{70D73A7C-F212-4AEC-9E67-0ABBCFFD948C}.Debug|x86.ActiveCfg = Debug|x86
		{70D73A7C-F212-4AEC-9E67-0ABBCFFD948C}.Debug|x86.Build.0 = Debug|x86
		{70D73A7C-F212-4AEC-9E67-0ABBCFFD948C}.Debug|x86.Deploy.0 = Debug|x86
		{70D73A7C-F212-4AEC-9E67-0ABBCFFD948C}.Release|Any CPU.ActiveCfg = Release|x86
		{70D73A7C-F212-4AEC-9E67-0ABBCFFD948C}.Release|ARM.ActiveCfg = Release|ARM
		{70D73A7C-F212-4AEC-9E67-0ABBCFFD948C}.Release|ARM.Build.0 = Release|ARM
		{70D73A7C-F212-4AEC-9E67-0ABBCFFD948C}.Release|ARM.Deploy.0 = Release|ARM
		{70D73A7C-F212-4AEC-9E67-0ABBCFFD948C}.Release|iPhone.ActiveCfg = Release|x86
		{70D73A7C-F212-4AEC-9E67-0ABBCFFD948C}.Release|iPhoneSimulator.ActiveCfg = Release|x86
		{70D73A7C-F212-4AEC-9E67-0ABBCFFD948C}.Release|x64.ActiveCfg = Release|x64
		{70D73A7C-F212-4AEC-9E67-0ABBCFFD948C}.Release|x64.Build.0 = Release|x64
		{70D73A7C-F212-4AEC-9E67-0ABBCFFD948C}.Release|x64.Deploy.0 = Release|x64
		{70D73A7C-F212-4AEC-9E67-0ABBCFFD948C}.Release|x86.ActiveCfg = Release|x86
		{70D73A7C-F212-4AEC-9E67-0ABBCFFD948C}.Release|x86.Build.0 = Release|x86
		{70D73A7C-F212-4AEC-9E67-0ABBCFFD948C}.Release|x86.Deploy.0 = Release|x86
		{24B4F602-8346-4EE0-8251-45F607E25F63}.Ad-Hoc|Any CPU.ActiveCfg = Ad-Hoc|iPhoneSimulator
		{24B4F602-8346-4EE0-8251-45F607E25F63}.Ad-Hoc|ARM.ActiveCfg = Ad-Hoc|iPhone
		{24B4F602-8346-4EE0-8251-45F607E25F63}.Ad-Hoc|iPhone.ActiveCfg = Ad-Hoc|iPhone
		{24B4F602-8346-4EE0-8251-45F607E25F63}.Ad-Hoc|iPhone.Build.0 = Ad-Hoc|iPhone
		{24B4F602-8346-4EE0-8251-45F607E25F63}.Ad-Hoc|iPhoneSimulator.ActiveCfg = Ad-Hoc|iPhoneSimulator
		{24B4F602-8346-4EE0-8251-45F607E25F63}.Ad-Hoc|iPhoneSimulator.Build.0 = Ad-Hoc|iPhoneSimulator
		{24B4F602-8346-4EE0-8251-45F607E25F63}.Ad-Hoc|x64.ActiveCfg = Ad-Hoc|iPhone
		{24B4F602-8346-4EE0-8251-45F607E25F63}.Ad-Hoc|x86.ActiveCfg = Ad-Hoc|iPhone
		{24B4F602-8346-4EE0-8251-45F607E25F63}.AppStore|Any CPU.ActiveCfg = AppStore|iPhoneSimulator
		{24B4F602-8346-4EE0-8251-45F607E25F63}.AppStore|ARM.ActiveCfg = AppStore|iPhone
		{24B4F602-8346-4EE0-8251-45F607E25F63}.AppStore|iPhone.ActiveCfg = AppStore|iPhone
		{24B4F602-8346-4EE0-8251-45F607E25F63}.AppStore|iPhone.Build.0 = AppStore|iPhone
		{24B4F602-8346-4EE0-8251-45F607E25F63}.AppStore|iPhoneSimulator.ActiveCfg = AppStore|iPhoneSimulator
		{24B4F602-8346-4EE0-8251-45F607E25F63}.AppStore|iPhoneSimulator.Build.0 = AppStore|iPhoneSimulator
		{24B4F602-8346-4EE0-8251-45F607E25F63}.AppStore|x64.ActiveCfg = AppStore|iPhone
		{24B4F602-8346-4EE0-8251-45F607E25F63}.AppStore|x86.ActiveCfg = AppStore|iPhone
		{24B4F602-8346-4EE0-8251-45F607E25F63}.Debug|Any CPU.ActiveCfg = Debug|iPhoneSimulator
		{24B4F602-8346-4EE0-8251-45F607E25F63}.Debug|ARM.ActiveCfg = Debug|iPhone
		{24B4F602-8346-4EE0-8251-45F607E25F63}.Debug|iPhone.ActiveCfg = Debug|iPhone
		{24B4F602-8346-4EE0-8251-45F607E25F63}.Debug|iPhone.Build.0 = Debug|iPhone
		{24B4F602-8346-4EE0-8251-45F607E25F63}.Debug|iPhoneSimulator.ActiveCfg = Debug|iPhoneSimulator
		{24B4F602-8346-4EE0-8251-45F607E25F63}.Debug|iPhoneSimulator.Build.0 = Debug|iPhoneSimulator
		{24B4F602-8346-4EE0-8251-45F607E25F63}.Debug|x64.ActiveCfg = Debug|iPhone
		{24B4F602-8346-4EE0-8251-45F607E25F63}.Debug|x86.ActiveCfg = Debug|iPhone
		{24B4F602-8346-4EE0-8251-45F607E25F63}.Release|Any CPU.ActiveCfg = Release|iPhoneSimulator
		{24B4F602-8346-4EE0-8251-45F607E25F63}.Release|ARM.ActiveCfg = Release|iPhone
		{24B4F602-8346-4EE0-8251-45F607E25F63}.Release|iPhone.ActiveCfg = Release|iPhone
		{24B4F602-8346-4EE0-8251-45F607E25F63}.Release|iPhone.Build.0 = Release|iPhone
		{24B4F602-8346-4EE0-8251-45F607E25F63}.Release|iPhoneSimulator.ActiveCfg = Release|iPhoneSimulator
		{24B4F602-8346-4EE0-8251-45F607E25F63}.Release|iPhoneSimulator.Build.0 = Release|iPhoneSimulator
		{24B4F602-8346-4EE0-8251-45F607E25F63}.Release|x64.ActiveCfg = Release|iPhone
		{24B4F602-8346-4EE0-8251-45F607E25F63}.Release|x86.ActiveCfg = Release|iPhone
		{B7746BB8-56A1-48E6-8247-6BC85B97666D}.Ad-Hoc|Any CPU.ActiveCfg = Debug|Any CPU
		{B7746BB8-56A1-48E6-8247-6BC85B97666D}.Ad-Hoc|Any CPU.Build.0 = Debug|Any CPU
		{B7746BB8-56A1-48E6-8247-6BC85B97666D}.Ad-Hoc|ARM.ActiveCfg = Debug|Any CPU
		{B7746BB8-56A1-48E6-8247-6BC85B97666D}.Ad-Hoc|ARM.Build.0 = Debug|Any CPU
		{B7746BB8-56A1-48E6-8247-6BC85B97666D}.Ad-Hoc|iPhone.ActiveCfg = Debug|Any CPU
		{B7746BB8-56A1-48E6-8247-6BC85B97666D}.Ad-Hoc|iPhone.Build.0 = Debug|Any CPU
		{B7746BB8-56A1-48E6-8247-6BC85B97666D}.Ad-Hoc|iPhoneSimulator.ActiveCfg = Debug|Any CPU
		{B7746BB8-56A1-48E6-8247-6BC85B97666D}.Ad-Hoc|iPhoneSimulator.Build.0 = Debug|Any CPU
		{B7746BB8-56A1-48E6-8247-6BC85B97666D}.Ad-Hoc|x64.ActiveCfg = Debug|Any CPU
		{B7746BB8-56A1-48E6-8247-6BC85B97666D}.Ad-Hoc|x64.Build.0 = Debug|Any CPU
		{B7746BB8-56A1-48E6-8247-6BC85B97666D}.Ad-Hoc|x86.ActiveCfg = Debug|Any CPU
		{B7746BB8-56A1-48E6-8247-6BC85B97666D}.Ad-Hoc|x86.Build.0 = Debug|Any CPU
		{B7746BB8-56A1-48E6-8247-6BC85B97666D}.AppStore|Any CPU.ActiveCfg = Debug|Any CPU
		{B7746BB8-56A1-48E6-8247-6BC85B97666D}.AppStore|Any CPU.Build.0 = Debug|Any CPU
		{B7746BB8-56A1-48E6-8247-6BC85B97666D}.AppStore|ARM.ActiveCfg = Debug|Any CPU
		{B7746BB8-56A1-48E6-8247-6BC85B97666D}.AppStore|ARM.Build.0 = Debug|Any CPU
		{B7746BB8-56A1-48E6-8247-6BC85B97666D}.AppStore|iPhone.ActiveCfg = Debug|Any CPU
		{B7746BB8-56A1-48E6-8247-6BC85B97666D}.AppStore|iPhone.Build.0 = Debug|Any CPU
		{B7746BB8-56A1-48E6-8247-6BC85B97666D}.AppStore|iPhoneSimulator.ActiveCfg = Debug|Any CPU
		{B7746BB8-56A1-48E6-8247-6BC85B97666D}.AppStore|iPhoneSimulator.Build.0 = Debug|Any CPU
		{B7746BB8-56A1-48E6-8247-6BC85B97666D}.AppStore|x64.ActiveCfg = Debug|Any CPU
		{B7746BB8-56A1-48E6-8247-6BC85B97666D}.AppStore|x64.Build.0 = Debug|Any CPU
		{B7746BB8-56A1-48E6-8247-6BC85B97666D}.AppStore|x86.ActiveCfg = Debug|Any CPU
		{B7746BB8-56A1-48E6-8247-6BC85B97666D}.AppStore|x86.Build.0 = Debug|Any CPU
		{B7746BB8-56A1-48E6-8247-6BC85B97666D}.Debug|Any CPU.ActiveCfg = Debug|Any CPU
		{B7746BB8-56A1-48E6-8247-6BC85B97666D}.Debug|Any CPU.Build.0 = Debug|Any CPU
		{B7746BB8-56A1-48E6-8247-6BC85B97666D}.Debug|ARM.ActiveCfg = Debug|Any CPU
		{B7746BB8-56A1-48E6-8247-6BC85B97666D}.Debug|ARM.Build.0 = Debug|Any CPU
		{B7746BB8-56A1-48E6-8247-6BC85B97666D}.Debug|iPhone.ActiveCfg = Debug|Any CPU
		{B7746BB8-56A1-48E6-8247-6BC85B97666D}.Debug|iPhone.Build.0 = Debug|Any CPU
		{B7746BB8-56A1-48E6-8247-6BC85B97666D}.Debug|iPhoneSimulator.ActiveCfg = Debug|Any CPU
		{B7746BB8-56A1-48E6-8247-6BC85B97666D}.Debug|iPhoneSimulator.Build.0 = Debug|Any CPU
		{B7746BB8-56A1-48E6-8247-6BC85B97666D}.Debug|x64.ActiveCfg = Debug|Any CPU
		{B7746BB8-56A1-48E6-8247-6BC85B97666D}.Debug|x64.Build.0 = Debug|Any CPU
		{B7746BB8-56A1-48E6-8247-6BC85B97666D}.Debug|x86.ActiveCfg = Debug|Any CPU
		{B7746BB8-56A1-48E6-8247-6BC85B97666D}.Debug|x86.Build.0 = Debug|Any CPU
		{B7746BB8-56A1-48E6-8247-6BC85B97666D}.Release|Any CPU.ActiveCfg = Release|Any CPU
		{B7746BB8-56A1-48E6-8247-6BC85B97666D}.Release|Any CPU.Build.0 = Release|Any CPU
		{B7746BB8-56A1-48E6-8247-6BC85B97666D}.Release|ARM.ActiveCfg = Release|Any CPU
		{B7746BB8-56A1-48E6-8247-6BC85B97666D}.Release|ARM.Build.0 = Release|Any CPU
		{B7746BB8-56A1-48E6-8247-6BC85B97666D}.Release|iPhone.ActiveCfg = Release|Any CPU
		{B7746BB8-56A1-48E6-8247-6BC85B97666D}.Release|iPhone.Build.0 = Release|Any CPU
		{B7746BB8-56A1-48E6-8247-6BC85B97666D}.Release|iPhoneSimulator.ActiveCfg = Release|Any CPU
		{B7746BB8-56A1-48E6-8247-6BC85B97666D}.Release|iPhoneSimulator.Build.0 = Release|Any CPU
		{B7746BB8-56A1-48E6-8247-6BC85B97666D}.Release|x64.ActiveCfg = Release|Any CPU
		{B7746BB8-56A1-48E6-8247-6BC85B97666D}.Release|x64.Build.0 = Release|Any CPU
		{B7746BB8-56A1-48E6-8247-6BC85B97666D}.Release|x86.ActiveCfg = Release|Any CPU
		{B7746BB8-56A1-48E6-8247-6BC85B97666D}.Release|x86.Build.0 = Release|Any CPU
		{58395B09-AA47-493A-80A4-E03C62C399EC}.Ad-Hoc|Any CPU.ActiveCfg = Release|Any CPU
		{58395B09-AA47-493A-80A4-E03C62C399EC}.Ad-Hoc|Any CPU.Build.0 = Release|Any CPU
		{58395B09-AA47-493A-80A4-E03C62C399EC}.Ad-Hoc|ARM.ActiveCfg = Release|Any CPU
		{58395B09-AA47-493A-80A4-E03C62C399EC}.Ad-Hoc|ARM.Build.0 = Release|Any CPU
		{58395B09-AA47-493A-80A4-E03C62C399EC}.Ad-Hoc|iPhone.ActiveCfg = Release|Any CPU
		{58395B09-AA47-493A-80A4-E03C62C399EC}.Ad-Hoc|iPhone.Build.0 = Release|Any CPU
		{58395B09-AA47-493A-80A4-E03C62C399EC}.Ad-Hoc|iPhoneSimulator.ActiveCfg = Release|Any CPU
		{58395B09-AA47-493A-80A4-E03C62C399EC}.Ad-Hoc|iPhoneSimulator.Build.0 = Release|Any CPU
		{58395B09-AA47-493A-80A4-E03C62C399EC}.Ad-Hoc|x64.ActiveCfg = Release|Any CPU
		{58395B09-AA47-493A-80A4-E03C62C399EC}.Ad-Hoc|x64.Build.0 = Release|Any CPU
		{58395B09-AA47-493A-80A4-E03C62C399EC}.Ad-Hoc|x86.ActiveCfg = Release|Any CPU
		{58395B09-AA47-493A-80A4-E03C62C399EC}.Ad-Hoc|x86.Build.0 = Release|Any CPU
		{58395B09-AA47-493A-80A4-E03C62C399EC}.AppStore|Any CPU.ActiveCfg = Release|Any CPU
		{58395B09-AA47-493A-80A4-E03C62C399EC}.AppStore|Any CPU.Build.0 = Release|Any CPU
		{58395B09-AA47-493A-80A4-E03C62C399EC}.AppStore|ARM.ActiveCfg = Release|Any CPU
		{58395B09-AA47-493A-80A4-E03C62C399EC}.AppStore|ARM.Build.0 = Release|Any CPU
		{58395B09-AA47-493A-80A4-E03C62C399EC}.AppStore|iPhone.ActiveCfg = Release|Any CPU
		{58395B09-AA47-493A-80A4-E03C62C399EC}.AppStore|iPhone.Build.0 = Release|Any CPU
		{58395B09-AA47-493A-80A4-E03C62C399EC}.AppStore|iPhoneSimulator.ActiveCfg = Release|Any CPU
		{58395B09-AA47-493A-80A4-E03C62C399EC}.AppStore|iPhoneSimulator.Build.0 = Release|Any CPU
		{58395B09-AA47-493A-80A4-E03C62C399EC}.AppStore|x64.ActiveCfg = Release|Any CPU
		{58395B09-AA47-493A-80A4-E03C62C399EC}.AppStore|x64.Build.0 = Release|Any CPU
		{58395B09-AA47-493A-80A4-E03C62C399EC}.AppStore|x86.ActiveCfg = Release|Any CPU
		{58395B09-AA47-493A-80A4-E03C62C399EC}.AppStore|x86.Build.0 = Release|Any CPU
		{58395B09-AA47-493A-80A4-E03C62C399EC}.Debug|Any CPU.ActiveCfg = Debug|Any CPU
		{58395B09-AA47-493A-80A4-E03C62C399EC}.Debug|Any CPU.Build.0 = Debug|Any CPU
		{58395B09-AA47-493A-80A4-E03C62C399EC}.Debug|ARM.ActiveCfg = Debug|Any CPU
		{58395B09-AA47-493A-80A4-E03C62C399EC}.Debug|ARM.Build.0 = Debug|Any CPU
		{58395B09-AA47-493A-80A4-E03C62C399EC}.Debug|iPhone.ActiveCfg = Debug|Any CPU
		{58395B09-AA47-493A-80A4-E03C62C399EC}.Debug|iPhone.Build.0 = Debug|Any CPU
		{58395B09-AA47-493A-80A4-E03C62C399EC}.Debug|iPhoneSimulator.ActiveCfg = Debug|Any CPU
		{58395B09-AA47-493A-80A4-E03C62C399EC}.Debug|iPhoneSimulator.Build.0 = Debug|Any CPU
		{58395B09-AA47-493A-80A4-E03C62C399EC}.Debug|x64.ActiveCfg = Debug|Any CPU
		{58395B09-AA47-493A-80A4-E03C62C399EC}.Debug|x64.Build.0 = Debug|Any CPU
		{58395B09-AA47-493A-80A4-E03C62C399EC}.Debug|x86.ActiveCfg = Debug|Any CPU
		{58395B09-AA47-493A-80A4-E03C62C399EC}.Debug|x86.Build.0 = Debug|Any CPU
		{58395B09-AA47-493A-80A4-E03C62C399EC}.Release|Any CPU.ActiveCfg = Release|Any CPU
		{58395B09-AA47-493A-80A4-E03C62C399EC}.Release|Any CPU.Build.0 = Release|Any CPU
		{58395B09-AA47-493A-80A4-E03C62C399EC}.Release|ARM.ActiveCfg = Release|Any CPU
		{58395B09-AA47-493A-80A4-E03C62C399EC}.Release|ARM.Build.0 = Release|Any CPU
		{58395B09-AA47-493A-80A4-E03C62C399EC}.Release|iPhone.ActiveCfg = Release|Any CPU
		{58395B09-AA47-493A-80A4-E03C62C399EC}.Release|iPhone.Build.0 = Release|Any CPU
		{58395B09-AA47-493A-80A4-E03C62C399EC}.Release|iPhoneSimulator.ActiveCfg = Release|Any CPU
		{58395B09-AA47-493A-80A4-E03C62C399EC}.Release|iPhoneSimulator.Build.0 = Release|Any CPU
		{58395B09-AA47-493A-80A4-E03C62C399EC}.Release|x64.ActiveCfg = Release|Any CPU
		{58395B09-AA47-493A-80A4-E03C62C399EC}.Release|x64.Build.0 = Release|Any CPU
		{58395B09-AA47-493A-80A4-E03C62C399EC}.Release|x86.ActiveCfg = Release|Any CPU
		{58395B09-AA47-493A-80A4-E03C62C399EC}.Release|x86.Build.0 = Release|Any CPU
		{20D9BEE4-B6ED-401A-B099-929295D1A5D5}.Ad-Hoc|Any CPU.ActiveCfg = Release|Any CPU
		{20D9BEE4-B6ED-401A-B099-929295D1A5D5}.Ad-Hoc|Any CPU.Build.0 = Release|Any CPU
		{20D9BEE4-B6ED-401A-B099-929295D1A5D5}.Ad-Hoc|ARM.ActiveCfg = Release|Any CPU
		{20D9BEE4-B6ED-401A-B099-929295D1A5D5}.Ad-Hoc|ARM.Build.0 = Release|Any CPU
		{20D9BEE4-B6ED-401A-B099-929295D1A5D5}.Ad-Hoc|iPhone.ActiveCfg = Release|Any CPU
		{20D9BEE4-B6ED-401A-B099-929295D1A5D5}.Ad-Hoc|iPhone.Build.0 = Release|Any CPU
		{20D9BEE4-B6ED-401A-B099-929295D1A5D5}.Ad-Hoc|iPhoneSimulator.ActiveCfg = Release|Any CPU
		{20D9BEE4-B6ED-401A-B099-929295D1A5D5}.Ad-Hoc|iPhoneSimulator.Build.0 = Release|Any CPU
		{20D9BEE4-B6ED-401A-B099-929295D1A5D5}.Ad-Hoc|x64.ActiveCfg = Release|Any CPU
		{20D9BEE4-B6ED-401A-B099-929295D1A5D5}.Ad-Hoc|x64.Build.0 = Release|Any CPU
		{20D9BEE4-B6ED-401A-B099-929295D1A5D5}.Ad-Hoc|x86.ActiveCfg = Release|Any CPU
		{20D9BEE4-B6ED-401A-B099-929295D1A5D5}.Ad-Hoc|x86.Build.0 = Release|Any CPU
		{20D9BEE4-B6ED-401A-B099-929295D1A5D5}.AppStore|Any CPU.ActiveCfg = Release|Any CPU
		{20D9BEE4-B6ED-401A-B099-929295D1A5D5}.AppStore|Any CPU.Build.0 = Release|Any CPU
		{20D9BEE4-B6ED-401A-B099-929295D1A5D5}.AppStore|ARM.ActiveCfg = Release|Any CPU
		{20D9BEE4-B6ED-401A-B099-929295D1A5D5}.AppStore|ARM.Build.0 = Release|Any CPU
		{20D9BEE4-B6ED-401A-B099-929295D1A5D5}.AppStore|iPhone.ActiveCfg = Release|Any CPU
		{20D9BEE4-B6ED-401A-B099-929295D1A5D5}.AppStore|iPhone.Build.0 = Release|Any CPU
		{20D9BEE4-B6ED-401A-B099-929295D1A5D5}.AppStore|iPhoneSimulator.ActiveCfg = Release|Any CPU
		{20D9BEE4-B6ED-401A-B099-929295D1A5D5}.AppStore|iPhoneSimulator.Build.0 = Release|Any CPU
		{20D9BEE4-B6ED-401A-B099-929295D1A5D5}.AppStore|x64.ActiveCfg = Release|Any CPU
		{20D9BEE4-B6ED-401A-B099-929295D1A5D5}.AppStore|x64.Build.0 = Release|Any CPU
		{20D9BEE4-B6ED-401A-B099-929295D1A5D5}.AppStore|x86.ActiveCfg = Release|Any CPU
		{20D9BEE4-B6ED-401A-B099-929295D1A5D5}.AppStore|x86.Build.0 = Release|Any CPU
		{20D9BEE4-B6ED-401A-B099-929295D1A5D5}.Debug|Any CPU.ActiveCfg = Debug|Any CPU
		{20D9BEE4-B6ED-401A-B099-929295D1A5D5}.Debug|Any CPU.Build.0 = Debug|Any CPU
		{20D9BEE4-B6ED-401A-B099-929295D1A5D5}.Debug|ARM.ActiveCfg = Debug|Any CPU
		{20D9BEE4-B6ED-401A-B099-929295D1A5D5}.Debug|ARM.Build.0 = Debug|Any CPU
		{20D9BEE4-B6ED-401A-B099-929295D1A5D5}.Debug|iPhone.ActiveCfg = Debug|Any CPU
		{20D9BEE4-B6ED-401A-B099-929295D1A5D5}.Debug|iPhone.Build.0 = Debug|Any CPU
		{20D9BEE4-B6ED-401A-B099-929295D1A5D5}.Debug|iPhoneSimulator.ActiveCfg = Debug|Any CPU
		{20D9BEE4-B6ED-401A-B099-929295D1A5D5}.Debug|iPhoneSimulator.Build.0 = Debug|Any CPU
		{20D9BEE4-B6ED-401A-B099-929295D1A5D5}.Debug|x64.ActiveCfg = Debug|Any CPU
		{20D9BEE4-B6ED-401A-B099-929295D1A5D5}.Debug|x64.Build.0 = Debug|Any CPU
		{20D9BEE4-B6ED-401A-B099-929295D1A5D5}.Debug|x86.ActiveCfg = Debug|Any CPU
		{20D9BEE4-B6ED-401A-B099-929295D1A5D5}.Debug|x86.Build.0 = Debug|Any CPU
		{20D9BEE4-B6ED-401A-B099-929295D1A5D5}.Release|Any CPU.ActiveCfg = Release|Any CPU
		{20D9BEE4-B6ED-401A-B099-929295D1A5D5}.Release|Any CPU.Build.0 = Release|Any CPU
		{20D9BEE4-B6ED-401A-B099-929295D1A5D5}.Release|ARM.ActiveCfg = Release|Any CPU
		{20D9BEE4-B6ED-401A-B099-929295D1A5D5}.Release|ARM.Build.0 = Release|Any CPU
		{20D9BEE4-B6ED-401A-B099-929295D1A5D5}.Release|iPhone.ActiveCfg = Release|Any CPU
		{20D9BEE4-B6ED-401A-B099-929295D1A5D5}.Release|iPhone.Build.0 = Release|Any CPU
		{20D9BEE4-B6ED-401A-B099-929295D1A5D5}.Release|iPhoneSimulator.ActiveCfg = Release|Any CPU
		{20D9BEE4-B6ED-401A-B099-929295D1A5D5}.Release|iPhoneSimulator.Build.0 = Release|Any CPU
		{20D9BEE4-B6ED-401A-B099-929295D1A5D5}.Release|x64.ActiveCfg = Release|Any CPU
		{20D9BEE4-B6ED-401A-B099-929295D1A5D5}.Release|x64.Build.0 = Release|Any CPU
		{20D9BEE4-B6ED-401A-B099-929295D1A5D5}.Release|x86.ActiveCfg = Release|Any CPU
		{20D9BEE4-B6ED-401A-B099-929295D1A5D5}.Release|x86.Build.0 = Release|Any CPU
		{17BB5139-724A-4654-9D92-C5B784782CF6}.Ad-Hoc|Any CPU.ActiveCfg = Debug|Any CPU
		{17BB5139-724A-4654-9D92-C5B784782CF6}.Ad-Hoc|Any CPU.Build.0 = Debug|Any CPU
		{17BB5139-724A-4654-9D92-C5B784782CF6}.Ad-Hoc|ARM.ActiveCfg = Debug|Any CPU
		{17BB5139-724A-4654-9D92-C5B784782CF6}.Ad-Hoc|ARM.Build.0 = Debug|Any CPU
		{17BB5139-724A-4654-9D92-C5B784782CF6}.Ad-Hoc|iPhone.ActiveCfg = Debug|Any CPU
		{17BB5139-724A-4654-9D92-C5B784782CF6}.Ad-Hoc|iPhone.Build.0 = Debug|Any CPU
		{17BB5139-724A-4654-9D92-C5B784782CF6}.Ad-Hoc|iPhoneSimulator.ActiveCfg = Debug|Any CPU
		{17BB5139-724A-4654-9D92-C5B784782CF6}.Ad-Hoc|iPhoneSimulator.Build.0 = Debug|Any CPU
		{17BB5139-724A-4654-9D92-C5B784782CF6}.Ad-Hoc|x64.ActiveCfg = Debug|Any CPU
		{17BB5139-724A-4654-9D92-C5B784782CF6}.Ad-Hoc|x64.Build.0 = Debug|Any CPU
		{17BB5139-724A-4654-9D92-C5B784782CF6}.Ad-Hoc|x86.ActiveCfg = Debug|Any CPU
		{17BB5139-724A-4654-9D92-C5B784782CF6}.Ad-Hoc|x86.Build.0 = Debug|Any CPU
		{17BB5139-724A-4654-9D92-C5B784782CF6}.AppStore|Any CPU.ActiveCfg = Debug|Any CPU
		{17BB5139-724A-4654-9D92-C5B784782CF6}.AppStore|Any CPU.Build.0 = Debug|Any CPU
		{17BB5139-724A-4654-9D92-C5B784782CF6}.AppStore|ARM.ActiveCfg = Debug|Any CPU
		{17BB5139-724A-4654-9D92-C5B784782CF6}.AppStore|ARM.Build.0 = Debug|Any CPU
		{17BB5139-724A-4654-9D92-C5B784782CF6}.AppStore|iPhone.ActiveCfg = Debug|Any CPU
		{17BB5139-724A-4654-9D92-C5B784782CF6}.AppStore|iPhone.Build.0 = Debug|Any CPU
		{17BB5139-724A-4654-9D92-C5B784782CF6}.AppStore|iPhoneSimulator.ActiveCfg = Debug|Any CPU
		{17BB5139-724A-4654-9D92-C5B784782CF6}.AppStore|iPhoneSimulator.Build.0 = Debug|Any CPU
		{17BB5139-724A-4654-9D92-C5B784782CF6}.AppStore|x64.ActiveCfg = Debug|Any CPU
		{17BB5139-724A-4654-9D92-C5B784782CF6}.AppStore|x64.Build.0 = Debug|Any CPU
		{17BB5139-724A-4654-9D92-C5B784782CF6}.AppStore|x86.ActiveCfg = Debug|Any CPU
		{17BB5139-724A-4654-9D92-C5B784782CF6}.AppStore|x86.Build.0 = Debug|Any CPU
		{17BB5139-724A-4654-9D92-C5B784782CF6}.Debug|Any CPU.ActiveCfg = Debug|Any CPU
		{17BB5139-724A-4654-9D92-C5B784782CF6}.Debug|Any CPU.Build.0 = Debug|Any CPU
		{17BB5139-724A-4654-9D92-C5B784782CF6}.Debug|ARM.ActiveCfg = Debug|Any CPU
		{17BB5139-724A-4654-9D92-C5B784782CF6}.Debug|ARM.Build.0 = Debug|Any CPU
		{17BB5139-724A-4654-9D92-C5B784782CF6}.Debug|iPhone.ActiveCfg = Debug|Any CPU
		{17BB5139-724A-4654-9D92-C5B784782CF6}.Debug|iPhone.Build.0 = Debug|Any CPU
		{17BB5139-724A-4654-9D92-C5B784782CF6}.Debug|iPhoneSimulator.ActiveCfg = Debug|Any CPU
		{17BB5139-724A-4654-9D92-C5B784782CF6}.Debug|iPhoneSimulator.Build.0 = Debug|Any CPU
		{17BB5139-724A-4654-9D92-C5B784782CF6}.Debug|x64.ActiveCfg = Debug|Any CPU
		{17BB5139-724A-4654-9D92-C5B784782CF6}.Debug|x64.Build.0 = Debug|Any CPU
		{17BB5139-724A-4654-9D92-C5B784782CF6}.Debug|x86.ActiveCfg = Debug|Any CPU
		{17BB5139-724A-4654-9D92-C5B784782CF6}.Debug|x86.Build.0 = Debug|Any CPU
		{17BB5139-724A-4654-9D92-C5B784782CF6}.Release|Any CPU.ActiveCfg = Release|Any CPU
		{17BB5139-724A-4654-9D92-C5B784782CF6}.Release|Any CPU.Build.0 = Release|Any CPU
		{17BB5139-724A-4654-9D92-C5B784782CF6}.Release|ARM.ActiveCfg = Release|Any CPU
		{17BB5139-724A-4654-9D92-C5B784782CF6}.Release|ARM.Build.0 = Release|Any CPU
		{17BB5139-724A-4654-9D92-C5B784782CF6}.Release|iPhone.ActiveCfg = Release|Any CPU
		{17BB5139-724A-4654-9D92-C5B784782CF6}.Release|iPhone.Build.0 = Release|Any CPU
		{17BB5139-724A-4654-9D92-C5B784782CF6}.Release|iPhoneSimulator.ActiveCfg = Release|Any CPU
		{17BB5139-724A-4654-9D92-C5B784782CF6}.Release|iPhoneSimulator.Build.0 = Release|Any CPU
		{17BB5139-724A-4654-9D92-C5B784782CF6}.Release|x64.ActiveCfg = Release|Any CPU
		{17BB5139-724A-4654-9D92-C5B784782CF6}.Release|x64.Build.0 = Release|Any CPU
		{17BB5139-724A-4654-9D92-C5B784782CF6}.Release|x86.ActiveCfg = Release|Any CPU
		{17BB5139-724A-4654-9D92-C5B784782CF6}.Release|x86.Build.0 = Release|Any CPU
	EndGlobalSection
	GlobalSection(SolutionProperties) = preSolution
		HideSolutionNode = FALSE
	EndGlobalSection
	GlobalSection(ExtensibilityGlobals) = postSolution
		SolutionGuid = {12F431EE-38D5-4CAF-9864-DF74C83F8332}
	EndGlobalSection
EndGlobal
